
Microsoft Visual Studio Solution File, Format Version 12.00
# Visual Studio 15
VisualStudioVersion = 15.0.28307.757
MinimumVisualStudioVersion = 10.0.40219.1
Project("{FAE04EC0-301F-11D3-BF4B-00C04F79EFBC}") = "GuessTheNumber", "GuessTheNumber.csproj", "{914173C0-B853-4FF3-B249-5F17EB5C9800}"
EndProject
Global
	GlobalSection(SolutionConfigurationPlatforms) = preSolution
		Debug|Any CPU = Debug|Any CPU
		Release|Any CPU = Release|Any CPU
	EndGlobalSection
	GlobalSection(ProjectConfigurationPlatforms) = postSolution
		{914173C0-B853-4FF3-B249-5F17EB5C9800}.Debug|Any CPU.ActiveCfg = Debug|Any CPU
		{914173C0-B853-4FF3-B249-5F17EB5C9800}.Debug|Any CPU.Build.0 = Debug|Any CPU
		{914173C0-B853-4FF3-B249-5F17EB5C9800}.Release|Any CPU.ActiveCfg = Release|Any CPU
		{914173C0-B853-4FF3-B249-5F17EB5C9800}.Release|Any CPU.Build.0 = Release|Any CPU
	EndGlobalSection
	GlobalSection(SolutionProperties) = preSolution
		HideSolutionNode = FALSE
	EndGlobalSection
	GlobalSection(ExtensibilityGlobals) = postSolution
		SolutionGuid = {76B50E23-A327-4DDE-8D60-B29C85BBAACB}
	EndGlobalSection
EndGlobal
